Microsoft Visual Studio Solution File, Format Version 12.00
# Visual Studio Version 17
VisualStudioVersion = 17.0.31903.59
MinimumVisualStudioVersion = 10.0.40219.1
Project("{9A19103F-16F7-4668-BE54-9A1E7A4F7556}") = "DynLock.Core", "src\DynLock.Core\DynLock.Core.csproj", "{A1B2C3D4-0001-4000-8000-000000000001}"
EndProject
Project("{9A19103F-16F7-4668-BE54-9A1E7A4F7556}") = "DynLock.Encryptor", "src\DynLock.Encryptor\DynLock.Encryptor.csproj", "{A1B2C3D4-0002-4000-8000-000000000002}"
EndProject
Project("{9A19103F-16F7-4668-BE54-9A1E7A4F7556}") = "DynLock.Addin", "src\DynLock.Addin\DynLock.Addin.csproj", "{A1B2C3D4-0003-4000-8000-000000000003}"
EndProject
Project("{2150E333-8FDC-42A3-9474-1A3956D46DE8}") = "src", "src", "{9D4EAD82-FC3C-4F99-AADA-7005A50A7240}"
EndProject
Project("{FAE04EC0-301F-11D3-BF4B-00C04F79EFBC}") = "DynLock.EncryptorGui", "src\DynLock.EncryptorGui\DynLock.EncryptorGui.csproj", "{69EC1E3C-2CA9-41A5-9CC4-B947DDEE70C0}"
EndProject
Project("{FAE04EC0-301F-11D3-BF4B-00C04F79EFBC}") = "DynLock.Installer", "src\DynLock.Installer\DynLock.Installer.csproj", "{6184534D-50DD-476C-8009-3C31C628AC51}"
EndProject
Global
	GlobalSection(SolutionConfigurationPlatforms) = preSolution
		Debug|Any CPU = Debug|Any CPU
		Release|Any CPU = Release|Any CPU
	EndGlobalSection
	GlobalSection(ProjectConfigurationPlatforms) = postSolution
		{A1B2C3D4-0001-4000-8000-000000000001}.Debug|Any CPU.ActiveCfg = Debug|Any CPU
		{A1B2C3D4-0001-4000-8000-000000000001}.Debug|Any CPU.Build.0 = Debug|Any CPU
		{A1B2C3D4-0001-4000-8000-000000000001}.Release|Any CPU.ActiveCfg = Release|Any CPU
		{A1B2C3D4-0001-4000-8000-000000000001}.Release|Any CPU.Build.0 = Release|Any CPU
		{A1B2C3D4-0002-4000-8000-000000000002}.Debug|Any CPU.ActiveCfg = Debug|Any CPU
		{A1B2C3D4-0002-4000-8000-000000000002}.Debug|Any CPU.Build.0 = Debug|Any CPU
		{A1B2C3D4-0002-4000-8000-000000000002}.Release|Any CPU.ActiveCfg = Release|Any CPU
		{A1B2C3D4-0002-4000-8000-000000000002}.Release|Any CPU.Build.0 = Release|Any CPU
		{A1B2C3D4-0003-4000-8000-000000000003}.Debug|Any CPU.ActiveCfg = Debug|Any CPU
		{A1B2C3D4-0003-4000-8000-000000000003}.Debug|Any CPU.Build.0 = Debug|Any CPU
		{A1B2C3D4-0003-4000-8000-000000000003}.Release|Any CPU.ActiveCfg = Release|Any CPU
		{A1B2C3D4-0003-4000-8000-000000000003}.Release|Any CPU.Build.0 = Release|Any CPU
		{69EC1E3C-2CA9-41A5-9CC4-B947DDEE70C0}.Debug|Any CPU.ActiveCfg = Debug|Any CPU
		{69EC1E3C-2CA9-41A5-9CC4-B947DDEE70C0}.Debug|Any CPU.Build.0 = Debug|Any CPU
		{69EC1E3C-2CA9-41A5-9CC4-B947DDEE70C0}.Release|Any CPU.ActiveCfg = Release|Any CPU
		{69EC1E3C-2CA9-41A5-9CC4-B947DDEE70C0}.Release|Any CPU.Build.0 = Release|Any CPU
		{6184534D-50DD-476C-8009-3C31C628AC51}.Debug|Any CPU.ActiveCfg = Debug|Any CPU
		{6184534D-50DD-476C-8009-3C31C628AC51}.Debug|Any CPU.Build.0 = Debug|Any CPU
		{6184534D-50DD-476C-8009-3C31C628AC51}.Release|Any CPU.ActiveCfg = Release|Any CPU
		{6184534D-50DD-476C-8009-3C31C628AC51}.Release|Any CPU.Build.0 = Release|Any CPU
	EndGlobalSection
	GlobalSection(SolutionProperties) = preSolution
		HideSolutionNode = FALSE
	EndGlobalSection
	GlobalSection(NestedProjects) = preSolution
		{69EC1E3C-2CA9-41A5-9CC4-B947DDEE70C0} = {9D4EAD82-FC3C-4F99-AADA-7005A50A7240}
		{6184534D-50DD-476C-8009-3C31C628AC51} = {9D4EAD82-FC3C-4F99-AADA-7005A50A7240}
	EndGlobalSection
EndGlobal
